
Microsoft Visual Studio Solution File, Format Version 12.00
# Visual Studio Version 16
VisualStudioVersion = 16.0.29102.190
MinimumVisualStudioVersion = 10.0.40219.1
Project("{FAE04EC0-301F-11D3-BF4B-00C04F79EFBC}") = "MinhaApiCompleta.Business", "src\MinhaApiCompleta.Business\MinhaApiCompleta.Business.csproj", "{46BDC6D4-000B-4C44-ACF2-8F137FA16633}"
EndProject
Project("{FAE04EC0-301F-11D3-BF4B-00C04F79EFBC}") = "MinhaApiCompleta.Data", "src\MinhaApiCompleta.Data\MinhaApiCompleta.Data.csproj", "{0207C990-FEBF-4F27-A6C6-489F3A25111B}"
EndProject
Project("{FAE04EC0-301F-11D3-BF4B-00C04F79EFBC}") = "MinhaApiCompleta.Api", "src\MinhaApiCompleta.Api\MinhaApiCompleta.Api.csproj", "{4DAF1584-5EF8-494A-ABEB-AA865B0CE00D}"
EndProject
Global
	GlobalSection(SolutionConfigurationPlatforms) = preSolution
		Debug|Any CPU = Debug|Any CPU
		Release|Any CPU = Release|Any CPU
	EndGlobalSection
	GlobalSection(ProjectConfigurationPlatforms) = postSolution
		{46BDC6D4-000B-4C44-ACF2-8F137FA16633}.Debug|Any CPU.ActiveCfg = Debug|Any CPU
		{46BDC6D4-000B-4C44-ACF2-8F137FA16633}.Debug|Any CPU.Build.0 = Debug|Any CPU
		{46BDC6D4-000B-4C44-ACF2-8F137FA16633}.Release|Any CPU.ActiveCfg = Release|Any CPU
		{46BDC6D4-000B-4C44-ACF2-8F137FA16633}.Release|Any CPU.Build.0 = Release|Any CPU
		{0207C990-FEBF-4F27-A6C6-489F3A25111B}.Debug|Any CPU.ActiveCfg = Debug|Any CPU
		{0207C990-FEBF-4F27-A6C6-489F3A25111B}.Debug|Any CPU.Build.0 = Debug|Any CPU
		{0207C990-FEBF-4F27-A6C6-489F3A25111B}.Release|Any CPU.ActiveCfg = Release|Any CPU
		{0207C990-FEBF-4F27-A6C6-489F3A25111B}.Release|Any CPU.Build.0 = Release|Any CPU
		{4DAF1584-5EF8-494A-ABEB-AA865B0CE00D}.Debug|Any CPU.ActiveCfg = Debug|Any CPU
		{4DAF1584-5EF8-494A-ABEB-AA865B0CE00D}.Debug|Any CPU.Build.0 = Debug|Any CPU
		{4DAF1584-5EF8-494A-ABEB-AA865B0CE00D}.Release|Any CPU.ActiveCfg = Release|Any CPU
		{4DAF1584-5EF8-494A-ABEB-AA865B0CE00D}.Release|Any CPU.Build.0 = Release|Any CPU
	EndGlobalSection
	GlobalSection(SolutionProperties) = preSolution
		HideSolutionNode = FALSE
	EndGlobalSection
	GlobalSection(ExtensibilityGlobals) = postSolution
		SolutionGuid = {B5C11C8C-1FC5-4CAE-9E3F-4D08A1EB26AB}
	EndGlobalSection
EndGlobal
